// !$*UTF8*$!
{
	archiveVersion = 1;
	classes = {
	};
	objectVersion = 48;
	objects = {

/* Begin PBXBuildFile section */
		1D33D998CDE3B20F49052DA6 /* Pods_MidtermGoogle.framework in Frameworks */ = {isa = PBXBuildFile; fileRef = 3DFF6EAB005C04BC4D7B355C /* Pods_MidtermGoogle.framework */; };
		31B3DE050F59BF8760BCA4C7 /* Pods_MidtermGoogleTests.framework in Frameworks */ = {isa = PBXBuildFile; fileRef = DDF8EA931DEEA14F6833000E /* Pods_MidtermGoogleTests.framework */; };
		609B706A1FA3CB68007EC36F /* AppDelegate.swift in Sources */ = {isa = PBXBuildFile; fileRef = 609B70691FA3CB68007EC36F /* AppDelegate.swift */; };
		609B706C1FA3CB68007EC36F /* ViewController.swift in Sources */ = {isa = PBXBuildFile; fileRef = 609B706B1FA3CB68007EC36F /* ViewController.swift */; };
		609B706F1FA3CB68007EC36F /* Main.storyboard in Resources */ = {isa = PBXBuildFile; fileRef = 609B706D1FA3CB68007EC36F /* Main.storyboard */; };
		609B70721FA3CB68007EC36F /* MidtermGoogle.xcdatamodeld in Sources */ = {isa = PBXBuildFile; fileRef = 609B70701FA3CB68007EC36F /* MidtermGoogle.xcdatamodeld */; };
		609B70741FA3CB68007EC36F /* Assets.xcassets in Resources */ = {isa = PBXBuildFile; fileRef = 609B70731FA3CB68007EC36F /* Assets.xcassets */; };
		609B70771FA3CB68007EC36F /* LaunchScreen.storyboard in Resources */ = {isa = PBXBuildFile; fileRef = 609B70751FA3CB68007EC36F /* LaunchScreen.storyboard */; };
		609B70821FA3CB68007EC36F /* MidtermGoogleTests.swift in Sources */ = {isa = PBXBuildFile; fileRef = 609B70811FA3CB68007EC36F /* MidtermGoogleTests.swift */; };
		609B708D1FA3CC66007EC36F /* GoogleService-Info.plist in Resources */ = {isa = PBXBuildFile; fileRef = 609B708C1FA3CC66007EC36F /* GoogleService-Info.plist */; };
/* End PBXBuildFile section */

/* Begin PBXContainerItemProxy section */
		609B707E1FA3CB68007EC36F /* PBXContainerItemProxy */ = {
			isa = PBXContainerItemProxy;
			containerPortal = 609B705E1FA3CB68007EC36F /* Project object */;
			proxyType = 1;
			remoteGlobalIDString = 609B70651FA3CB68007EC36F;
			remoteInfo = MidtermGoogle;
		};
/* End PBXContainerItemProxy section */

/* Begin PBXFileReference section */
		29090106245AFF0AE54DACC5 /* Pods-MidtermGoogle.release.xcconfig */ = {isa = PBXFileReference; includeInIndex = 1; lastKnownFileType = text.xcconfig; name = "Pods-MidtermGoogle.release.xcconfig"; path = "Pods/Target Support Files/Pods-MidtermGoogle/Pods-MidtermGoogle.release.xcconfig"; sourceTree = "<group>"; };
		3A15822301663EB39B200446 /* Pods-MidtermGoogleTests.release.xcconfig */ = {isa = PBXFileReference; includeInIndex = 1; lastKnownFileType = text.xcconfig; name = "Pods-MidtermGoogleTests.release.xcconfig"; path = "Pods/Target Support Files/Pods-MidtermGoogleTests/Pods-MidtermGoogleTests.release.xcconfig"; sourceTree = "<group>"; };
		3DFF6EAB005C04BC4D7B355C /* Pods_MidtermGoogle.framework */ = {isa = PBXFileReference; explicitFileType = wrapper.framework; includeInIndex = 0; path = Pods_MidtermGoogle.framework; sourceTree = BUILT_PRODUCTS_DIR; };
		5A28E79A600E953819A56715 /* Pods-MidtermGoogle.debug.xcconfig */ = {isa = PBXFileReference; includeInIndex = 1; lastKnownFileType = text.xcconfig; name = "Pods-MidtermGoogle.debug.xcconfig"; path = "Pods/Target Support Files/Pods-MidtermGoogle/Pods-MidtermGoogle.debug.xcconfig"; sourceTree = "<group>"; };
		609B70661FA3CB68007EC36F /* MidtermGoogle.app */ = {isa = PBXFileReference; explicitFileType = wrapper.application; includeInIndex = 0; path = MidtermGoogle.app; sourceTree = BUILT_PRODUCTS_DIR; };
		609B70691FA3CB68007EC36F /* AppDelegate.swift */ = {isa = PBXFileReference; lastKnownFileType = sourcecode.swift; path = AppDelegate.swift; sourceTree = "<group>"; };
		609B706B1FA3CB68007EC36F /* ViewController.swift */ = {isa = PBXFileReference; lastKnownFileType = sourcecode.swift; path = ViewController.swift; sourceTree = "<group>"; };
		609B706E1FA3CB68007EC36F /* Base */ = {isa = PBXFileReference; lastKnownFileType = file.storyboard; name = Base; path = Base.lproj/Main.storyboard; sourceTree = "<group>"; };
		609B70711FA3CB68007EC36F /* MidtermGoogle.xcdatamodel */ = {isa = PBXFileReference; lastKnownFileType = wrapper.xcdatamodel; path = MidtermGoogle.xcdatamodel; sourceTree = "<group>"; };
		609B70731FA3CB68007EC36F /* Assets.xcassets */ = {isa = PBXFileReference; lastKnownFileType = folder.assetcatalog; path = Assets.xcassets; sourceTree = "<group>"; };
		609B70761FA3CB68007EC36F /* Base */ = {isa = PBXFileReference; lastKnownFileType = file.storyboard; name = Base; path = Base.lproj/LaunchScreen.storyboard; sourceTree = "<group>"; };
		609B70781FA3CB68007EC36F /* Info.plist */ = {isa = PBXFileReference; lastKnownFileType = text.plist.xml; path = Info.plist; sourceTree = "<group>"; };
		609B707D1FA3CB68007EC36F /* MidtermGoogleTests.xctest */ = {isa = PBXFileReference; explicitFileType = wrapper.cfbundle; includeInIndex = 0; path = MidtermGoogleTests.xctest; sourceTree = BUILT_PRODUCTS_DIR; };
		609B70811FA3CB68007EC36F /* MidtermGoogleTests.swift */ = {isa = PBXFileReference; lastKnownFileType = sourcecode.swift; path = MidtermGoogleTests.swift; sourceTree = "<group>"; };
		609B70831FA3CB68007EC36F /* Info.plist */ = {isa = PBXFileReference; lastKnownFileType = text.plist.xml; path = Info.plist; sourceTree = "<group>"; };
		609B708C1FA3CC66007EC36F /* GoogleService-Info.plist */ = {isa = PBXFileReference; fileEncoding = 4; lastKnownFileType = text.plist.xml; path = "GoogleService-Info.plist"; sourceTree = "<group>"; };
		B549E6A7A675AB1275DCB377 /* Pods-MidtermGoogleTests.debug.xcconfig */ = {isa = PBXFileReference; includeInIndex = 1; lastKnownFileType = text.xcconfig; name = "Pods-MidtermGoogleTests.debug.xcconfig"; path = "Pods/Target Support Files/Pods-MidtermGoogleTests/Pods-MidtermGoogleTests.debug.xcconfig"; sourceTree = "<group>"; };
		DDF8EA931DEEA14F6833000E /* Pods_MidtermGoogleTests.framework */ = {isa = PBXFileReference; explicitFileType = wrapper.framework; includeInIndex = 0; path = Pods_MidtermGoogleTests.framework; sourceTree = BUILT_PRODUCTS_DIR; };
/* End PBXFileReference section */

/* Begin PBXFrameworksBuildPhase section */
		609B70631FA3CB68007EC36F /* Frameworks */ = {
			isa = PBXFrameworksBuildPhase;
			buildActionMask = 2147483647;
			files = (
				1D33D998CDE3B20F49052DA6 /* Pods_MidtermGoogle.framework in Frameworks */,
			);
			runOnlyForDeploymentPostprocessing = 0;
		};
		609B707A1FA3CB68007EC36F /* Frameworks */ = {
			isa = PBXFrameworksBuildPhase;
			buildActionMask = 2147483647;
			files = (
				31B3DE050F59BF8760BCA4C7 /* Pods_MidtermGoogleTests.framework in Frameworks */,
			);
			runOnlyForDeploymentPostprocessing = 0;
		};
/* End PBXFrameworksBuildPhase section */

/* Begin PBXGroup section */
		609B705D1FA3CB68007EC36F = {
			isa = PBXGroup;
			children = (
				609B70681FA3CB68007EC36F /* MidtermGoogle */,
				609B70801FA3CB68007EC36F /* MidtermGoogleTests */,
				609B70671FA3CB68007EC36F /* Products */,
				6B750CBC9E7C632ED4CB2CFC /* Pods */,
				8CB2A7F374B55F0E2BB445D1 /* Frameworks */,
			);
			sourceTree = "<group>";
		};
		609B70671FA3CB68007EC36F /* Products */ = {
			isa = PBXGroup;
			children = (
				609B70661FA3CB68007EC36F /* MidtermGoogle.app */,
				609B707D1FA3CB68007EC36F /* MidtermGoogleTests.xctest */,
			);
			name = Products;
			sourceTree = "<group>";
		};
		609B70681FA3CB68007EC36F /* MidtermGoogle */ = {
			isa = PBXGroup;
			children = (
				609B708C1FA3CC66007EC36F /* GoogleService-Info.plist */,
				609B70691FA3CB68007EC36F /* AppDelegate.swift */,
				609B706B1FA3CB68007EC36F /* ViewController.swift */,
				609B706D1FA3CB68007EC36F /* Main.storyboard */,
				609B70731FA3CB68007EC36F /* Assets.xcassets */,
				609B70751FA3CB68007EC36F /* LaunchScreen.storyboard */,
				609B70781FA3CB68007EC36F /* Info.plist */,
				609B70701FA3CB68007EC36F /* MidtermGoogle.xcdatamodeld */,
			);
			path = MidtermGoogle;
			sourceTree = "<group>";
		};
		609B70801FA3CB68007EC36F /* MidtermGoogleTests */ = {
			isa = PBXGroup;
			children = (
				609B70811FA3CB68007EC36F /* MidtermGoogleTests.swift */,
				609B70831FA3CB68007EC36F /* Info.plist */,
			);
			path = MidtermGoogleTests;
			sourceTree = "<group>";
		};
		6B750CBC9E7C632ED4CB2CFC /* Pods */ = {
			isa = PBXGroup;
			children = (
				5A28E79A600E953819A56715 /* Pods-MidtermGoogle.debug.xcconfig */,
				29090106245AFF0AE54DACC5 /* Pods-MidtermGoogle.release.xcconfig */,
				B549E6A7A675AB1275DCB377 /* Pods-MidtermGoogleTests.debug.xcconfig */,
				3A15822301663EB39B200446 /* Pods-MidtermGoogleTests.release.xcconfig */,
			);
			name = Pods;
			sourceTree = "<group>";
		};
		8CB2A7F374B55F0E2BB445D1 /* Frameworks */ = {
			isa = PBXGroup;
			children = (
				3DFF6EAB005C04BC4D7B355C /* Pods_MidtermGoogle.framework */,
				DDF8EA931DEEA14F6833000E /* Pods_MidtermGoogleTests.framework */,
			);
			name = Frameworks;
			sourceTree = "<group>";
		};
/* End PBXGroup section */

/* Begin PBXNativeTarget section */
		609B70651FA3CB68007EC36F /* MidtermGoogle */ = {
			isa = PBXNativeTarget;
			buildConfigurationList = 609B70861FA3CB68007EC36F /* Build configuration list for PBXNativeTarget "MidtermGoogle" */;
			buildPhases = (
				792CFBD78BAD2A164D39ED26 /* [CP] Check Pods Manifest.lock */,
				609B70621FA3CB68007EC36F /* Sources */,
				609B70631FA3CB68007EC36F /* Frameworks */,
				609B70641FA3CB68007EC36F /* Resources */,
				375B2DF6B0A48143C16B0640 /* [CP] Embed Pods Frameworks */,
				6DCC7C8B8603E5A015D2B7A4 /* [CP] Copy Pods Resources */,
			);
			buildRules = (
			);
			dependencies = (
			);
			name = MidtermGoogle;
			productName = MidtermGoogle;
			productReference = 609B70661FA3CB68007EC36F /* MidtermGoogle.app */;
			productType = "com.apple.product-type.application";
		};
		609B707C1FA3CB68007EC36F /* MidtermGoogleTests */ = {
			isa = PBXNativeTarget;
			buildConfigurationList = 609B70891FA3CB68007EC36F /* Build configuration list for PBXNativeTarget "MidtermGoogleTests" */;
			buildPhases = (
				4160298D59205656F929570B /* [CP] Check Pods Manifest.lock */,
				609B70791FA3CB68007EC36F /* Sources */,
				609B707A1FA3CB68007EC36F /* Frameworks */,
				609B707B1FA3CB68007EC36F /* Resources */,
				8EAA9853A0D5B0FF866E2C1D /* [CP] Embed Pods Frameworks */,
				80633A0BFB357E3D1D14B20C /* [CP] Copy Pods Resources */,
			);
			buildRules = (
			);
			dependencies = (
				609B707F1FA3CB68007EC36F /* PBXTargetDependency */,
			);
			name = MidtermGoogleTests;
			productName = MidtermGoogleTests;
			productReference = 609B707D1FA3CB68007EC36F /* MidtermGoogleTests.xctest */;
			productType = "com.apple.product-type.bundle.unit-test";
		};
/* End PBXNativeTarget section */

/* Begin PBXProject section */
		609B705E1FA3CB68007EC36F /* Project object */ = {
			isa = PBXProject;
			attributes = {
				LastSwiftUpdateCheck = 0900;
				LastUpgradeCheck = 0900;
				ORGANIZATIONNAME = Mobilux;
				TargetAttributes = {
					609B70651FA3CB68007EC36F = {
						CreatedOnToolsVersion = 9.0.1;
						ProvisioningStyle = Automatic;
					};
					609B707C1FA3CB68007EC36F = {
						CreatedOnToolsVersion = 9.0.1;
						ProvisioningStyle = Automatic;
						TestTargetID = 609B70651FA3CB68007EC36F;
					};
				};
			};
			buildConfigurationList = 609B70611FA3CB68007EC36F /* Build configuration list for PBXProject "MidtermGoogle" */;
			compatibilityVersion = "Xcode 8.0";
			developmentRegion = en;
			hasScannedForEncodings = 0;
			knownRegions = (
				en,
				Base,
			);
			mainGroup = 609B705D1FA3CB68007EC36F;
			productRefGroup = 609B70671FA3CB68007EC36F /* Products */;
			projectDirPath = "";
			projectRoot = "";
			targets = (
				609B70651FA3CB68007EC36F /* MidtermGoogle */,
				609B707C1FA3CB68007EC36F /* MidtermGoogleTests */,
			);
		};
/* End PBXProject section */

/* Begin PBXResourcesBuildPhase section */
		609B70641FA3CB68007EC36F /* Resources */ = {
			isa = PBXResourcesBuildPhase;
			buildActionMask = 2147483647;
			files = (
				609B70771FA3CB68007EC36F /* LaunchScreen.storyboard in Resources */,
				609B708D1FA3CC66007EC36F /* GoogleService-Info.plist in Resources */,
				609B70741FA3CB68007EC36F /* Assets.xcassets in Resources */,
				609B706F1FA3CB68007EC36F /* Main.storyboard in Resources */,
			);
			runOnlyForDeploymentPostprocessing = 0;
		};
		609B707B1FA3CB68007EC36F /* Resources */ = {
			isa = PBXResourcesBuildPhase;
			buildActionMask = 2147483647;
			files = (
			);
			runOnlyForDeploymentPostprocessing = 0;
		};
/* End PBXResourcesBuildPhase section */

/* Begin PBXShellScriptBuildPhase section */
		375B2DF6B0A48143C16B0640 /* [CP] Embed Pods Frameworks */ = {
			isa = PBXShellScriptBuildPhase;
			buildActionMask = 2147483647;
			files = (
			);
			inputPaths = (
				"${SRCROOT}/Pods/Target Support Files/Pods-MidtermGoogle/Pods-MidtermGoogle-frameworks.sh",
				"${BUILT_PRODUCTS_DIR}/GTMOAuth2/GTMOAuth2.framework",
				"${BUILT_PRODUCTS_DIR}/GTMSessionFetcher/GTMSessionFetcher.framework",
				"${BUILT_PRODUCTS_DIR}/GoogleToolboxForMac/GoogleToolboxForMac.framework",
			);
			name = "[CP] Embed Pods Frameworks";
			outputPaths = (
				"${TARGET_BUILD_DIR}/${FRAMEWORKS_FOLDER_PATH}/GTMOAuth2.framework",
				"${TARGET_BUILD_DIR}/${FRAMEWORKS_FOLDER_PATH}/GTMSessionFetcher.framework",
				"${TARGET_BUILD_DIR}/${FRAMEWORKS_FOLDER_PATH}/GoogleToolboxForMac.framework",
			);
			runOnlyForDeploymentPostprocessing = 0;
			shellPath = /bin/sh;
			shellScript = "\"${SRCROOT}/Pods/Target Support Files/Pods-MidtermGoogle/Pods-MidtermGoogle-frameworks.sh\"\n";
			showEnvVarsInLog = 0;
		};
		4160298D59205656F929570B /* [CP] Check Pods Manifest.lock */ = {
			isa = PBXShellScriptBuildPhase;
			buildActionMask = 2147483647;
			files = (
			);
			inputPaths = (
				"${PODS_PODFILE_DIR_PATH}/Podfile.lock",
				"${PODS_ROOT}/Manifest.lock",
			);
			name = "[CP] Check Pods Manifest.lock";
			outputPaths = (
				"$(DERIVED_FILE_DIR)/Pods-MidtermGoogleTests-checkManifestLockResult.txt",
			);
			runOnlyForDeploymentPostprocessing = 0;
			shellPath = /bin/sh;
			shellScript = "diff \"${PODS_PODFILE_DIR_PATH}/Podfile.lock\" \"${PODS_ROOT}/Manifest.lock\" > /dev/null\nif [ $? != 0 ] ; then\n    # print error to STDERR\n    echo \"error: The sandbox is not in sync with the Podfile.lock. Run 'pod install' or update your CocoaPods installation.\" >&2\n    exit 1\nfi\n# This output is used by Xcode 'outputs' to avoid re-running this script phase.\necho \"SUCCESS\" > \"${SCRIPT_OUTPUT_FILE_0}\"\n";
			showEnvVarsInLog = 0;
		};
		6DCC7C8B8603E5A015D2B7A4 /* [CP] Copy Pods Resources */ = {
			isa = PBXShellScriptBuildPhase;
			buildActionMask = 2147483647;
			files = (
			);
			inputPaths = (
				"${SRCROOT}/Pods/Target Support Files/Pods-MidtermGoogle/Pods-MidtermGoogle-resources.sh",
				"${PODS_ROOT}/GoogleSignIn/Resources/GoogleSignIn.bundle",
			);
			name = "[CP] Copy Pods Resources";
			outputPaths = (
				"${TARGET_BUILD_DIR}/${UNLOCALIZED_RESOURCES_FOLDER_PATH}",
			);
			runOnlyForDeploymentPostprocessing = 0;
			shellPath = /bin/sh;
			shellScript = "\"${SRCROOT}/Pods/Target Support Files/Pods-MidtermGoogle/Pods-MidtermGoogle-resources.sh\"\n";
			showEnvVarsInLog = 0;
		};
		792CFBD78BAD2A164D39ED26 /* [CP] Check Pods Manifest.lock */ = {
			isa = PBXShellScriptBuildPhase;
			buildActionMask = 2147483647;
			files = (
			);
			inputPaths = (
				"${PODS_PODFILE_DIR_PATH}/Podfile.lock",
				"${PODS_ROOT}/Manifest.lock",
			);
			name = "[CP] Check Pods Manifest.lock";
			outputPaths = (
				"$(DERIVED_FILE_DIR)/Pods-MidtermGoogle-checkManifestLockResult.txt",
			);
			runOnlyForDeploymentPostprocessing = 0;
			shellPath = /bin/sh;
			shellScript = "diff \"${PODS_PODFILE_DIR_PATH}/Podfile.lock\" \"${PODS_ROOT}/Manifest.lock\" > /dev/null\nif [ $? != 0 ] ; then\n    # print error to STDERR\n    echo \"error: The sandbox is not in sync with the Podfile.lock. Run 'pod install' or update your CocoaPods installation.\" >&2\n    exit 1\nfi\n# This output is used by Xcode 'outputs' to avoid re-running this script phase.\necho \"SUCCESS\" > \"${SCRIPT_OUTPUT_FILE_0}\"\n";
			showEnvVarsInLog = 0;
		};
		80633A0BFB357E3D1D14B20C /* [CP] Copy Pods Resources */ = {
			isa = PBXShellScriptBuildPhase;
			buildActionMask = 2147483647;
			files = (
			);
			inputPaths = (
			);
			name = "[CP] Copy Pods Resources";
			outputPaths = (
			);
			runOnlyForDeploymentPostprocessing = 0;
			shellPath = /bin/sh;
			shellScript = "\"${SRCROOT}/Pods/Target Support Files/Pods-MidtermGoogleTests/Pods-MidtermGoogleTests-resources.sh\"\n";
			showEnvVarsInLog = 0;
		};
		8EAA9853A0D5B0FF866E2C1D /* [CP] Embed Pods Frameworks */ = {
			isa = PBXShellScriptBuildPhase;
			buildActionMask = 2147483647;
			files = (
			);
			inputPaths = (
			);
			name = "[CP] Embed Pods Frameworks";
			outputPaths = (
			);
			runOnlyForDeploymentPostprocessing = 0;
			shellPath = /bin/sh;
			shellScript = "\"${SRCROOT}/Pods/Target Support Files/Pods-MidtermGoogleTests/Pods-MidtermGoogleTests-frameworks.sh\"\n";
			showEnvVarsInLog = 0;
		};
/* End PBXShellScriptBuildPhase section */

/* Begin PBXSourcesBuildPhase section */
		609B70621FA3CB68007EC36F /* Sources */ = {
			isa = PBXSourcesBuildPhase;
			buildActionMask = 2147483647;
			files = (
				609B706C1FA3CB68007EC36F /* ViewController.swift in Sources */,
				609B706A1FA3CB68007EC36F /* AppDelegate.swift in Sources */,
				609B70721FA3CB68007EC36F /* MidtermGoogle.xcdatamodeld in Sources */,
			);
			runOnlyForDeploymentPostprocessing = 0;
		};
		609B70791FA3CB68007EC36F /* Sources */ = {
			isa = PBXSourcesBuildPhase;
			buildActionMask = 2147483647;
			files = (
				609B70821FA3CB68007EC36F /* MidtermGoogleTests.swift in Sources */,
			);
			runOnlyForDeploymentPostprocessing = 0;
		};
/* End PBXSourcesBuildPhase section */

/* Begin PBXTargetDependency section */
		609B707F1FA3CB68007EC36F /* PBXTargetDependency */ = {
			isa = PBXTargetDependency;
			target = 609B70651FA3CB68007EC36F /* MidtermGoogle */;
			targetProxy = 609B707E1FA3CB68007EC36F /* PBXContainerItemProxy */;
		};
/* End PBXTargetDependency section */

/* Begin PBXVariantGroup section */
		609B706D1FA3CB68007EC36F /* Main.storyboard */ = {
			isa = PBXVariantGroup;
			children = (
				609B706E1FA3CB68007EC36F /* Base */,
			);
			name = Main.storyboard;
			sourceTree = "<group>";
		};
		609B70751FA3CB68007EC36F /* LaunchScreen.storyboard */ = {
			isa = PBXVariantGroup;
			children = (
				609B70761FA3CB68007EC36F /* Base */,
			);
			name = LaunchScreen.storyboard;
			sourceTree = "<group>";
		};
/* End PBXVariantGroup section */

/* Begin XCBuildConfiguration section */
		609B70841FA3CB68007EC36F /* Debug */ = {
			isa = XCBuildConfiguration;
			buildSettings = {
				ALWAYS_SEARCH_USER_PATHS = NO;
				CLANG_ANALYZER_NONNULL = YES;
				CLANG_ANALYZER_NUMBER_OBJECT_CONVERSION = YES_AGGRESSIVE;
				CLANG_CXX_LANGUAGE_STANDARD = "gnu++14";
				CLANG_CXX_LIBRARY = "libc++";
				CLANG_ENABLE_MODULES = YES;
				CLANG_ENABLE_OBJC_ARC = YES;
				CLANG_WARN_BLOCK_CAPTURE_AUTORELEASING = YES;
				CLANG_WARN_BOOL_CONVERSION = YES;
				CLANG_WARN_COMMA = YES;
				CLANG_WARN_CONSTANT_CONVERSION = YES;
				CLANG_WARN_DIRECT_OBJC_ISA_USAGE = YES_ERROR;
				CLANG_WARN_DOCUMENTATION_COMMENTS = YES;
				CLANG_WARN_EMPTY_BODY = YES;
				CLANG_WARN_ENUM_CONVERSION = YES;
				CLANG_WARN_INFINITE_RECURSION = YES;
				CLANG_WARN_INT_CONVERSION = YES;
				CLANG_WARN_NON_LITERAL_NULL_CONVERSION = YES;
				CLANG_WARN_OBJC_LITERAL_CONVERSION = YES;
				CLANG_WARN_OBJC_ROOT_CLASS = YES_ERROR;
				CLANG_WARN_RANGE_LOOP_ANALYSIS = YES;
				CLANG_WARN_STRICT_PROTOTYPES = YES;
				CLANG_WARN_SUSPICIOUS_MOVE = YES;
				CLANG_WARN_UNGUARDED_AVAILABILITY = YES_AGGRESSIVE;
				CLANG_WARN_UNREACHABLE_CODE = YES;
				CLANG_WARN__DUPLICATE_METHOD_MATCH = YES;
				CODE_SIGN_IDENTITY = "iPhone Developer";
				COPY_PHASE_STRIP = NO;
				DEBUG_INFORMATION_FORMAT = dwarf;
				ENABLE_STRICT_OBJC_MSGSEND = YES;
				ENABLE_TESTABILITY = YES;
				GCC_C_LANGUAGE_STANDARD = gnu11;
				GCC_DYNAMIC_NO_PIC = NO;
				GCC_NO_COMMON_BLOCKS = YES;
				GCC_OPTIMIZATION_LEVEL = 0;
				GCC_PREPROCESSOR_DEFINITIONS = (
					"DEBUG=1",
					"$(inherited)",
				);
				GCC_WARN_64_TO_32_BIT_CONVERSION = YES;
				GCC_WARN_ABOUT_RETURN_TYPE = YES_ERROR;
				GCC_WARN_UNDECLARED_SELECTOR = YES;
				GCC_WARN_UNINITIALIZED_AUTOS = YES_AGGRESSIVE;
				GCC_WARN_UNUSED_FUNCTION = YES;
				GCC_WARN_UNUSED_VARIABLE = YES;
				IPHONEOS_DEPLOYMENT_TARGET = 11.0;
				MTL_ENABLE_DEBUG_INFO = YES;
				ONLY_ACTIVE_ARCH = YES;
				SDKROOT = iphoneos;
				SWIFT_ACTIVE_COMPILATION_CONDITIONS = DEBUG;
				SWIFT_OPTIMIZATION_LEVEL = "-Onone";
			};
			name = Debug;
		};
		609B70851FA3CB68007EC36F /* Release */ = {
			isa = XCBuildConfiguration;
			buildSettings = {
				ALWAYS_SEARCH_USER_PATHS = NO;
				CLANG_ANALYZER_NONNULL = YES;
				CLANG_ANALYZER_NUMBER_OBJECT_CONVERSION = YES_AGGRESSIVE;
				CLANG_CXX_LANGUAGE_STANDARD = "gnu++14";
				CLANG_CXX_LIBRARY = "libc++";
				CLANG_ENABLE_MODULES = YES;
				CLANG_ENABLE_OBJC_ARC = YES;
				CLANG_WARN_BLOCK_CAPTURE_AUTORELEASING = YES;
				CLANG_WARN_BOOL_CONVERSION = YES;
				CLANG_WARN_COMMA = YES;
				CLANG_WARN_CONSTANT_CONVERSION = YES;
				CLANG_WARN_DIRECT_OBJC_ISA_USAGE = YES_ERROR;
				CLANG_WARN_DOCUMENTATION_COMMENTS = YES;
				CLANG_WARN_EMPTY_BODY = YES;
				CLANG_WARN_ENUM_CONVERSION = YES;
				CLANG_WARN_INFINITE_RECURSION = YES;
				CLANG_WARN_INT_CONVERSION = YES;
				CLANG_WARN_NON_LITERAL_NULL_CONVERSION = YES;
				CLANG_WARN_OBJC_LITERAL_CONVERSION = YES;
				CLANG_WARN_OBJC_ROOT_CLASS = YES_ERROR;
				CLANG_WARN_RANGE_LOOP_ANALYSIS = YES;
				CLANG_WARN_STRICT_PROTOTYPES = YES;
				CLANG_WARN_SUSPICIOUS_MOVE = YES;
				CLANG_WARN_UNGUARDED_AVAILABILITY = YES_AGGRESSIVE;
				CLANG_WARN_UNREACHABLE_CODE = YES;
				CLANG_WARN__DUPLICATE_METHOD_MATCH = YES;
				CODE_SIGN_IDENTITY = "iPhone Developer";
				COPY_PHASE_STRIP = NO;
				DEBUG_INFORMATION_FORMAT = "dwarf-with-dsym";
				ENABLE_NS_ASSERTIONS = NO;
				ENABLE_STRICT_OBJC_MSGSEND = YES;
				GCC_C_LANGUAGE_STANDARD = gnu11;
				GCC_NO_COMMON_BLOCKS = YES;
				GCC_WARN_64_TO_32_BIT_CONVERSION = YES;
				GCC_WARN_ABOUT_RETURN_TYPE = YES_ERROR;
				GCC_WARN_UNDECLARED_SELECTOR = YES;
				GCC_WARN_UNINITIALIZED_AUTOS = YES_AGGRESSIVE;
				GCC_WARN_UNUSED_FUNCTION = YES;
				GCC_WARN_UNUSED_VARIABLE = YES;
				IPHONEOS_DEPLOYMENT_TARGET = 11.0;
				MTL_ENABLE_DEBUG_INFO = NO;
				SDKROOT = iphoneos;
				SWIFT_OPTIMIZATION_LEVEL = "-Owholemodule";
				VALIDATE_PRODUCT = YES;
			};
			name = Release;
		};
		609B70871FA3CB68007EC36F /* Debug */ = {
			isa = XCBuildConfiguration;
			baseConfigurationReference = 5A28E79A600E953819A56715 /* Pods-MidtermGoogle.debug.xcconfig */;
			buildSettings = {
				ASSETCATALOG_COMPILER_APPICON_NAME = AppIcon;
				CODE_SIGN_STYLE = Automatic;
				DEVELOPMENT_TEAM = QH5LSLE2U2;
				INFOPLIST_FILE = MidtermGoogle/Info.plist;
				LD_RUNPATH_SEARCH_PATHS = "$(inherited) @executable_path/Frameworks";
				PRODUCT_BUNDLE_IDENTIFIER = com.mobilux.MidtermGoogle;
				PRODUCT_NAME = "$(TARGET_NAME)";
				SWIFT_VERSION = 4.0;
				TARGETED_DEVICE_FAMILY = "1,2";
			};
			name = Debug;
		};
		609B70881FA3CB68007EC36F /* Release */ = {
			isa = XCBuildConfiguration;
			baseConfigurationReference = 29090106245AFF0AE54DACC5 /* Pods-MidtermGoogle.release.xcconfig */;
			buildSettings = {
				ASSETCATALOG_COMPILER_APPICON_NAME = AppIcon;
				CODE_SIGN_STYLE = Automatic;
				DEVELOPMENT_TEAM = QH5LSLE2U2;
				INFOPLIST_FILE = MidtermGoogle/Info.plist;
				LD_RUNPATH_SEARCH_PATHS = "$(inherited) @executable_path/Frameworks";
				PRODUCT_BUNDLE_IDENTIFIER = com.mobilux.MidtermGoogle;
				PRODUCT_NAME = "$(TARGET_NAME)";
				SWIFT_VERSION = 4.0;
				TARGETED_DEVICE_FAMILY = "1,2";
			};
			name = Release;
		};
		609B708A1FA3CB68007EC36F /* Debug */ = {
			isa = XCBuildConfiguration;
			baseConfigurationReference = B549E6A7A675AB1275DCB377 /* Pods-MidtermGoogleTests.debug.xcconfig */;
			buildSettings = {
				ALWAYS_EMBED_SWIFT_STANDARD_LIBRARIES = YES;
				BUNDLE_LOADER = "$(TEST_HOST)";
				CODE_SIGN_STYLE = Automatic;
				DEVELOPMENT_TEAM = QH5LSLE2U2;
				INFOPLIST_FILE = MidtermGoogleTests/Info.plist;
				LD_RUNPATH_SEARCH_PATHS = "$(inherited) @executable_path/Frameworks @loader_path/Frameworks";
				PRODUCT_BUNDLE_IDENTIFIER = com.mobilux.MidtermGoogleTests;
				PRODUCT_NAME = "$(TARGET_NAME)";
				SWIFT_VERSION = 4.0;
				TARGETED_DEVICE_FAMILY = "1,2";
				TEST_HOST = "$(BUILT_PRODUCTS_DIR)/MidtermGoogle.app/MidtermGoogle";
			};
			name = Debug;
		};
		609B708B1FA3CB68007EC36F /* Release */ = {
			isa = XCBuildConfiguration;
			baseConfigurationReference = 3A15822301663EB39B200446 /* Pods-MidtermGoogleTests.release.xcconfig */;
			buildSettings = {
				ALWAYS_EMBED_SWIFT_STANDARD_LIBRARIES = YES;
				BUNDLE_LOADER = "$(TEST_HOST)";
				CODE_SIGN_STYLE = Automatic;
				DEVELOPMENT_TEAM = QH5LSLE2U2;
				INFOPLIST_FILE = MidtermGoogleTests/Info.plist;
				LD_RUNPATH_SEARCH_PATHS = "$(inherited) @executable_path/Frameworks @loader_path/Frameworks";
				PRODUCT_BUNDLE_IDENTIFIER = com.mobilux.MidtermGoogleTests;
				PRODUCT_NAME = "$(TARGET_NAME)";
				SWIFT_VERSION = 4.0;
				TARGETED_DEVICE_FAMILY = "1,2";
				TEST_HOST = "$(BUILT_PRODUCTS_DIR)/MidtermGoogle.app/MidtermGoogle";
			};
			name = Release;
		};
/* End XCBuildConfiguration section */

/* Begin XCConfigurationList section */
		609B70611FA3CB68007EC36F /* Build configuration list for PBXProject "MidtermGoogle" */ = {
			isa = XCConfigurationList;
			buildConfigurations = (
				609B70841FA3CB68007EC36F /* Debug */,
				609B70851FA3CB68007EC36F /* Release */,
			);
			defaultConfigurationIsVisible = 0;
			defaultConfigurationName = Release;
		};
		609B70861FA3CB68007EC36F /* Build configuration list for PBXNativeTarget "MidtermGoogle" */ = {
			isa = XCConfigurationList;
			buildConfigurations = (
				609B70871FA3CB68007EC36F /* Debug */,
				609B70881FA3CB68007EC36F /* Release */,
			);
			defaultConfigurationIsVisible = 0;
			defaultConfigurationName = Release;
		};
		609B70891FA3CB68007EC36F /* Build configuration list for PBXNativeTarget "MidtermGoogleTests" */ = {
			isa = XCConfigurationList;
			buildConfigurations = (
				609B708A1FA3CB68007EC36F /* Debug */,
				609B708B1FA3CB68007EC36F /* Release */,
			);
			defaultConfigurationIsVisible = 0;
			defaultConfigurationName = Release;
		};
/* End XCConfigurationList section */

/* Begin XCVersionGroup section */
		609B70701FA3CB68007EC36F /* MidtermGoogle.xcdatamodeld */ = {
			isa = XCVersionGroup;
			children = (
				609B70711FA3CB68007EC36F /* MidtermGoogle.xcdatamodel */,
			);
			currentVersion = 609B70711FA3CB68007EC36F /* MidtermGoogle.xcdatamodel */;
			path = MidtermGoogle.xcdatamodeld;
			sourceTree = "<group>";
			versionGroupType = wrapper.xcdatamodel;
		};
/* End XCVersionGroup section */
	};
	rootObject = 609B705E1FA3CB68007EC36F /* Project object */;
}
